// !$*UTF8*$!
{
	archiveVersion = 1;
	classes = {
	};
	objectVersion = 46;
	objects = {

/* Begin PBXBuildFile section */
		E3F4C6031DF91D0B00BE257F /* AppDelegate.swift in Sources */ = {isa = PBXBuildFile; fileRef = E3F4C6021DF91D0B00BE257F /* AppDelegate.swift */; };
		E3F4C6051DF91D0B00BE257F /* ViewController.swift in Sources */ = {isa = PBXBuildFile; fileRef = E3F4C6041DF91D0B00BE257F /* ViewController.swift */; };
		E3F4C6081DF91D0B00BE257F /* Main.storyboard in Resources */ = {isa = PBXBuildFile; fileRef = E3F4C6061DF91D0B00BE257F /* Main.storyboard */; };
		E3F4C60A1DF91D0B00BE257F /* Assets.xcassets in Resources */ = {isa = PBXBuildFile; fileRef = E3F4C6091DF91D0B00BE257F /* Assets.xcassets */; };
		E3F4C60D1DF91D0B00BE257F /* LaunchScreen.storyboard in Resources */ = {isa = PBXBuildFile; fileRef = E3F4C60B1DF91D0B00BE257F /* LaunchScreen.storyboard */; };
		E3F4C6181DF91D0B00BE257F /* iNumeriTests.swift in Sources */ = {isa = PBXBuildFile; fileRef = E3F4C6171DF91D0B00BE257F /* iNumeriTests.swift */; };
		E3F4C6231DF91D0B00BE257F /* iNumeriUITests.swift in Sources */ = {isa = PBXBuildFile; fileRef = E3F4C6221DF91D0B00BE257F /* iNumeriUITests.swift */; };
		E3F4C6321DF9202E00BE257F /* AVFoundation.framework in Frameworks */ = {isa = PBXBuildFile; fileRef = E3F4C6311DF9202E00BE257F /* AVFoundation.framework */; };
/* End PBXBuildFile section */

/* Begin PBXContainerItemProxy section */
		E3F4C6141DF91D0B00BE257F /* PBXContainerItemProxy */ = {
			isa = PBXContainerItemProxy;
			containerPortal = E3F4C5F71DF91D0A00BE257F /* Project object */;
			proxyType = 1;
			remoteGlobalIDString = E3F4C5FE1DF91D0A00BE257F;
			remoteInfo = iNumeri;
		};
		E3F4C61F1DF91D0B00BE257F /* PBXContainerItemProxy */ = {
			isa = PBXContainerItemProxy;
			containerPortal = E3F4C5F71DF91D0A00BE257F /* Project object */;
			proxyType = 1;
			remoteGlobalIDString = E3F4C5FE1DF91D0A00BE257F;
			remoteInfo = iNumeri;
		};
/* End PBXContainerItemProxy section */

/* Begin PBXFileReference section */
		E3F4C5FF1DF91D0B00BE257F /* iNumeri.app */ = {isa = PBXFileReference; explicitFileType = wrapper.application; includeInIndex = 0; path = iNumeri.app; sourceTree = BUILT_PRODUCTS_DIR; };
		E3F4C6021DF91D0B00BE257F /* AppDelegate.swift */ = {isa = PBXFileReference; lastKnownFileType = sourcecode.swift; path = AppDelegate.swift; sourceTree = "<group>"; };
		E3F4C6041DF91D0B00BE257F /* ViewController.swift */ = {isa = PBXFileReference; lastKnownFileType = sourcecode.swift; path = ViewController.swift; sourceTree = "<group>"; };
		E3F4C6071DF91D0B00BE257F /* Base */ = {isa = PBXFileReference; lastKnownFileType = file.storyboard; name = Base; path = Base.lproj/Main.storyboard; sourceTree = "<group>"; };
		E3F4C6091DF91D0B00BE257F /* Assets.xcassets */ = {isa = PBXFileReference; lastKnownFileType = folder.assetcatalog; path = Assets.xcassets; sourceTree = "<group>"; };
		E3F4C60C1DF91D0B00BE257F /* Base */ = {isa = PBXFileReference; lastKnownFileType = file.storyboard; name = Base; path = Base.lproj/LaunchScreen.storyboard; sourceTree = "<group>"; };
		E3F4C60E1DF91D0B00BE257F /* Info.plist */ = {isa = PBXFileReference; lastKnownFileType = text.plist.xml; path = Info.plist; sourceTree = "<group>"; };
		E3F4C6131DF91D0B00BE257F /* iNumeriTests.xctest */ = {isa = PBXFileReference; explicitFileType = wrapper.cfbundle; includeInIndex = 0; path = iNumeriTests.xctest; sourceTree = BUILT_PRODUCTS_DIR; };
		E3F4C6171DF91D0B00BE257F /* iNumeriTests.swift */ = {isa = PBXFileReference; lastKnownFileType = sourcecode.swift; path = iNumeriTests.swift; sourceTree = "<group>"; };
		E3F4C6191DF91D0B00BE257F /* Info.plist */ = {isa = PBXFileReference; lastKnownFileType = text.plist.xml; path = Info.plist; sourceTree = "<group>"; };
		E3F4C61E1DF91D0B00BE257F /* iNumeriUITests.xctest */ = {isa = PBXFileReference; explicitFileType = wrapper.cfbundle; includeInIndex = 0; path = iNumeriUITests.xctest; sourceTree = BUILT_PRODUCTS_DIR; };
		E3F4C6221DF91D0B00BE257F /* iNumeriUITests.swift */ = {isa = PBXFileReference; lastKnownFileType = sourcecode.swift; path = iNumeriUITests.swift; sourceTree = "<group>"; };
		E3F4C6241DF91D0B00BE257F /* Info.plist */ = {isa = PBXFileReference; lastKnownFileType = text.plist.xml; path = Info.plist; sourceTree = "<group>"; };
		E3F4C6311DF9202E00BE257F /* AVFoundation.framework */ = {isa = PBXFileReference; lastKnownFileType = wrapper.framework; name = AVFoundation.framework; path = System/Library/Frameworks/AVFoundation.framework; sourceTree = SDKROOT; };
/* End PBXFileReference section */

/* Begin PBXFrameworksBuildPhase section */
		E3F4C5FC1DF91D0A00BE257F /* Frameworks */ = {
			isa = PBXFrameworksBuildPhase;
			buildActionMask = 2147483647;
			files = (
				E3F4C6321DF9202E00BE257F /* AVFoundation.framework in Frameworks */,
			);
			runOnlyForDeploymentPostprocessing = 0;
		};
		E3F4C6101DF91D0B00BE257F /* Frameworks */ = {
			isa = PBXFrameworksBuildPhase;
			buildActionMask = 2147483647;
			files = (
			);
			runOnlyForDeploymentPostprocessing = 0;
		};
		E3F4C61B1DF91D0B00BE257F /* Frameworks */ = {
			isa = PBXFrameworksBuildPhase;
			buildActionMask = 2147483647;
			files = (
			);
			runOnlyForDeploymentPostprocessing = 0;
		};
/* End PBXFrameworksBuildPhase section */

/* Begin PBXGroup section */
		E3F4C5F61DF91D0A00BE257F = {
			isa = PBXGroup;
			children = (
				E3F4C6011DF91D0B00BE257F /* iNumeri */,
				E3F4C6161DF91D0B00BE257F /* iNumeriTests */,
				E3F4C6211DF91D0B00BE257F /* iNumeriUITests */,
				E3F4C6001DF91D0B00BE257F /* Products */,
				E3F4C6301DF9202E00BE257F /* Frameworks */,
			);
			sourceTree = "<group>";
		};
		E3F4C6001DF91D0B00BE257F /* Products */ = {
			isa = PBXGroup;
			children = (
				E3F4C5FF1DF91D0B00BE257F /* iNumeri.app */,
				E3F4C6131DF91D0B00BE257F /* iNumeriTests.xctest */,
				E3F4C61E1DF91D0B00BE257F /* iNumeriUITests.xctest */,
			);
			name = Products;
			sourceTree = "<group>";
		};
		E3F4C6011DF91D0B00BE257F /* iNumeri */ = {
			isa = PBXGroup;
			children = (
				E3F4C6021DF91D0B00BE257F /* AppDelegate.swift */,
				E3F4C6041DF91D0B00BE257F /* ViewController.swift */,
				E3F4C6061DF91D0B00BE257F /* Main.storyboard */,
				E3F4C6091DF91D0B00BE257F /* Assets.xcassets */,
				E3F4C60B1DF91D0B00BE257F /* LaunchScreen.storyboard */,
				E3F4C60E1DF91D0B00BE257F /* Info.plist */,
			);
			path = iNumeri;
			sourceTree = "<group>";
		};
		E3F4C6161DF91D0B00BE257F /* iNumeriTests */ = {
			isa = PBXGroup;
			children = (
				E3F4C6171DF91D0B00BE257F /* iNumeriTests.swift */,
				E3F4C6191DF91D0B00BE257F /* Info.plist */,
			);
			path = iNumeriTests;
			sourceTree = "<group>";
		};
		E3F4C6211DF91D0B00BE257F /* iNumeriUITests */ = {
			isa = PBXGroup;
			children = (
				E3F4C6221DF91D0B00BE257F /* iNumeriUITests.swift */,
				E3F4C6241DF91D0B00BE257F /* Info.plist */,
			);
			path = iNumeriUITests;
			sourceTree = "<group>";
		};
		E3F4C6301DF9202E00BE257F /* Frameworks */ = {
			isa = PBXGroup;
			children = (
				E3F4C6311DF9202E00BE257F /* AVFoundation.framework */,
			);
			name = Frameworks;
			sourceTree = "<group>";
		};
/* End PBXGroup section */

/* Begin PBXNativeTarget section */
		E3F4C5FE1DF91D0A00BE257F /* iNumeri */ = {
			isa = PBXNativeTarget;
			buildConfigurationList = E3F4C6271DF91D0B00BE257F /* Build configuration list for PBXNativeTarget "iNumeri" */;
			buildPhases = (
				E3F4C5FB1DF91D0A00BE257F /* Sources */,
				E3F4C5FC1DF91D0A00BE257F /* Frameworks */,
				E3F4C5FD1DF91D0A00BE257F /* Resources */,
			);
			buildRules = (
			);
			dependencies = (
			);
			name = iNumeri;
			productName = iNumeri;
			productReference = E3F4C5FF1DF91D0B00BE257F /* iNumeri.app */;
			productType = "com.apple.product-type.application";
		};
		E3F4C6121DF91D0B00BE257F /* iNumeriTests */ = {
			isa = PBXNativeTarget;
			buildConfigurationList = E3F4C62A1DF91D0B00BE257F /* Build configuration list for PBXNativeTarget "iNumeriTests" */;
			buildPhases = (
				E3F4C60F1DF91D0B00BE257F /* Sources */,
				E3F4C6101DF91D0B00BE257F /* Frameworks */,
				E3F4C6111DF91D0B00BE257F /* Resources */,
			);
			buildRules = (
			);
			dependencies = (
				E3F4C6151DF91D0B00BE257F /* PBXTargetDependency */,
			);
			name = iNumeriTests;
			productName = iNumeriTests;
			productReference = E3F4C6131DF91D0B00BE257F /* iNumeriTests.xctest */;
			productType = "com.apple.product-type.bundle.unit-test";
		};
		E3F4C61D1DF91D0B00BE257F /* iNumeriUITests */ = {
			isa = PBXNativeTarget;
			buildConfigurationList = E3F4C62D1DF91D0B00BE257F /* Build configuration list for PBXNativeTarget "iNumeriUITests" */;
			buildPhases = (
				E3F4C61A1DF91D0B00BE257F /* Sources */,
				E3F4C61B1DF91D0B00BE257F /* Frameworks */,
				E3F4C61C1DF91D0B00BE257F /* Resources */,
			);
			buildRules = (
			);
			dependencies = (
				E3F4C6201DF91D0B00BE257F /* PBXTargetDependency */,
			);
			name = iNumeriUITests;
			productName = iNumeriUITests;
			productReference = E3F4C61E1DF91D0B00BE257F /* iNumeriUITests.xctest */;
			productType = "com.apple.product-type.bundle.ui-testing";
		};
/* End PBXNativeTarget section */

/* Begin PBXProject section */
		E3F4C5F71DF91D0A00BE257F /* Project object */ = {
			isa = PBXProject;
			attributes = {
				LastSwiftUpdateCheck = 0810;
				LastUpgradeCheck = 0810;
				ORGANIZATIONNAME = "Snowdog Software";
				TargetAttributes = {
					E3F4C5FE1DF91D0A00BE257F = {
						CreatedOnToolsVersion = 8.1;
						DevelopmentTeam = DR2ZVA8PB4;
						ProvisioningStyle = Automatic;
					};
					E3F4C6121DF91D0B00BE257F = {
						CreatedOnToolsVersion = 8.1;
						DevelopmentTeam = DR2ZVA8PB4;
						ProvisioningStyle = Automatic;
						TestTargetID = E3F4C5FE1DF91D0A00BE257F;
					};
					E3F4C61D1DF91D0B00BE257F = {
						CreatedOnToolsVersion = 8.1;
						DevelopmentTeam = DR2ZVA8PB4;
						ProvisioningStyle = Automatic;
						TestTargetID = E3F4C5FE1DF91D0A00BE257F;
					};
				};
			};
			buildConfigurationList = E3F4C5FA1DF91D0A00BE257F /* Build configuration list for PBXProject "iNumeri" */;
			compatibilityVersion = "Xcode 3.2";
			developmentRegion = English;
			hasScannedForEncodings = 0;
			knownRegions = (
				en,
				Base,
			);
			mainGroup = E3F4C5F61DF91D0A00BE257F;
			productRefGroup = E3F4C6001DF91D0B00BE257F /* Products */;
			projectDirPath = "";
			projectRoot = "";
			targets = (
				E3F4C5FE1DF91D0A00BE257F /* iNumeri */,
				E3F4C6121DF91D0B00BE257F /* iNumeriTests */,
				E3F4C61D1DF91D0B00BE257F /* iNumeriUITests */,
			);
		};
/* End PBXProject section */

/* Begin PBXResourcesBuildPhase section */
		E3F4C5FD1DF91D0A00BE257F /* Resources */ = {
			isa = PBXResourcesBuildPhase;
			buildActionMask = 2147483647;
			files = (
				E3F4C60D1DF91D0B00BE257F /* LaunchScreen.storyboard in Resources */,
				E3F4C60A1DF91D0B00BE257F /* Assets.xcassets in Resources */,
				E3F4C6081DF91D0B00BE257F /* Main.storyboard in Resources */,
			);
			runOnlyForDeploymentPostprocessing = 0;
		};
		E3F4C6111DF91D0B00BE257F /* Resources */ = {
			isa = PBXResourcesBuildPhase;
			buildActionMask = 2147483647;
			files = (
			);
			runOnlyForDeploymentPostprocessing = 0;
		};
		E3F4C61C1DF91D0B00BE257F /* Resources */ = {
			isa = PBXResourcesBuildPhase;
			buildActionMask = 2147483647;
			files = (
			);
			runOnlyForDeploymentPostprocessing = 0;
		};
/* End PBXResourcesBuildPhase section */

/* Begin PBXSourcesBuildPhase section */
		E3F4C5FB1DF91D0A00BE257F /* Sources */ = {
			isa = PBXSourcesBuildPhase;
			buildActionMask = 2147483647;
			files = (
				E3F4C6051DF91D0B00BE257F /* ViewController.swift in Sources */,
				E3F4C6031DF91D0B00BE257F /* AppDelegate.swift in Sources */,
			);
			runOnlyForDeploymentPostprocessing = 0;
		};
		E3F4C60F1DF91D0B00BE257F /* Sources */ = {
			isa = PBXSourcesBuildPhase;
			buildActionMask = 2147483647;
			files = (
				E3F4C6181DF91D0B00BE257F /* iNumeriTests.swift in Sources */,
			);
			runOnlyForDeploymentPostprocessing = 0;
		};
		E3F4C61A1DF91D0B00BE257F /* Sources */ = {
			isa = PBXSourcesBuildPhase;
			buildActionMask = 2147483647;
			files = (
				E3F4C6231DF91D0B00BE257F /* iNumeriUITests.swift in Sources */,
			);
			runOnlyForDeploymentPostprocessing = 0;
		};
/* End PBXSourcesBuildPhase section */

/* Begin PBXTargetDependency section */
		E3F4C6151DF91D0B00BE257F /* PBXTargetDependency */ = {
			isa = PBXTargetDependency;
			target = E3F4C5FE1DF91D0A00BE257F /* iNumeri */;
			targetProxy = E3F4C6141DF91D0B00BE257F /* PBXContainerItemProxy */;
		};
		E3F4C6201DF91D0B00BE257F /* PBXTargetDependency */ = {
			isa = PBXTargetDependency;
			target = E3F4C5FE1DF91D0A00BE257F /* iNumeri */;
			targetProxy = E3F4C61F1DF91D0B00BE257F /* PBXContainerItemProxy */;
		};
/* End PBXTargetDependency section */

/* Begin PBXVariantGroup section */
		E3F4C6061DF91D0B00BE257F /* Main.storyboard */ = {
			isa = PBXVariantGroup;
			children = (
				E3F4C6071DF91D0B00BE257F /* Base */,
			);
			name = Main.storyboard;
			sourceTree = "<group>";
		};
		E3F4C60B1DF91D0B00BE257F /* LaunchScreen.storyboard */ = {
			isa = PBXVariantGroup;
			children = (
				E3F4C60C1DF91D0B00BE257F /* Base */,
			);
			name = LaunchScreen.storyboard;
			sourceTree = "<group>";
		};
/* End PBXVariantGroup section */

/* Begin XCBuildConfiguration section */
		E3F4C6251DF91D0B00BE257F /* Debug */ = {
			isa = XCBuildConfiguration;
			buildSettings = {
				ALWAYS_SEARCH_USER_PATHS = NO;
				CLANG_ANALYZER_NONNULL = YES;
				CLANG_CXX_LANGUAGE_STANDARD = "gnu++0x";
				CLANG_CXX_LIBRARY = "libc++";
				CLANG_ENABLE_MODULES = YES;
				CLANG_ENABLE_OBJC_ARC = YES;
				CLANG_WARN_BOOL_CONVERSION = YES;
				CLANG_WARN_CONSTANT_CONVERSION = YES;
				CLANG_WARN_DIRECT_OBJC_ISA_USAGE = YES_ERROR;
				CLANG_WARN_DOCUMENTATION_COMMENTS = YES;
				CLANG_WARN_EMPTY_BODY = YES;
				CLANG_WARN_ENUM_CONVERSION = YES;
				CLANG_WARN_INFINITE_RECURSION = YES;
				CLANG_WARN_INT_CONVERSION = YES;
				CLANG_WARN_OBJC_ROOT_CLASS = YES_ERROR;
				CLANG_WARN_SUSPICIOUS_MOVES = YES;
				CLANG_WARN_UNREACHABLE_CODE = YES;
				CLANG_WARN__DUPLICATE_METHOD_MATCH = YES;
				"CODE_SIGN_IDENTITY[sdk=iphoneos*]" = "iPhone Developer";
				COPY_PHASE_STRIP = NO;
				DEBUG_INFORMATION_FORMAT = dwarf;
				ENABLE_STRICT_OBJC_MSGSEND = YES;
				ENABLE_TESTABILITY = YES;
				GCC_C_LANGUAGE_STANDARD = gnu99;
				GCC_DYNAMIC_NO_PIC = NO;
				GCC_NO_COMMON_BLOCKS = YES;
				GCC_OPTIMIZATION_LEVEL = 0;
				GCC_PREPROCESSOR_DEFINITIONS = (
					"DEBUG=1",
					"$(inherited)",
				);
				GCC_WARN_64_TO_32_BIT_CONVERSION = YES;
				GCC_WARN_ABOUT_RETURN_TYPE = YES_ERROR;
				GCC_WARN_UNDECLARED_SELECTOR = YES;
				GCC_WARN_UNINITIALIZED_AUTOS = YES_AGGRESSIVE;
				GCC_WARN_UNUSED_FUNCTION = YES;
				GCC_WARN_UNUSED_VARIABLE = YES;
				IPHONEOS_DEPLOYMENT_TARGET = 10.1;
				MTL_ENABLE_DEBUG_INFO = YES;
				ONLY_ACTIVE_ARCH = YES;
				SDKROOT = iphoneos;
				SWIFT_ACTIVE_COMPILATION_CONDITIONS = DEBUG;
				SWIFT_OPTIMIZATION_LEVEL = "-Onone";
				TARGETED_DEVICE_FAMILY = "1,2";
			};
			name = Debug;
		};
		E3F4C6261DF91D0B00BE257F /* Release */ = {
			isa = XCBuildConfiguration;
			buildSettings = {
				ALWAYS_SEARCH_USER_PATHS = NO;
				CLANG_ANALYZER_NONNULL = YES;
				CLANG_CXX_LANGUAGE_STANDARD = "gnu++0x";
				CLANG_CXX_LIBRARY = "libc++";
				CLANG_ENABLE_MODULES = YES;
				CLANG_ENABLE_OBJC_ARC = YES;
				CLANG_WARN_BOOL_CONVERSION = YES;
				CLANG_WARN_CONSTANT_CONVERSION = YES;
				CLANG_WARN_DIRECT_OBJC_ISA_USAGE = YES_ERROR;
				CLANG_WARN_DOCUMENTATION_COMMENTS = YES;
				CLANG_WARN_EMPTY_BODY = YES;
				CLANG_WARN_ENUM_CONVERSION = YES;
				CLANG_WARN_INFINITE_RECURSION = YES;
				CLANG_WARN_INT_CONVERSION = YES;
				CLANG_WARN_OBJC_ROOT_CLASS = YES_ERROR;
				CLANG_WARN_SUSPICIOUS_MOVES = YES;
				CLANG_WARN_UNREACHABLE_CODE = YES;
				CLANG_WARN__DUPLICATE_METHOD_MATCH = YES;
				"CODE_SIGN_IDENTITY[sdk=iphoneos*]" = "iPhone Developer";
				COPY_PHASE_STRIP = NO;
				DEBUG_INFORMATION_FORMAT = "dwarf-with-dsym";
				ENABLE_NS_ASSERTIONS = NO;
				ENABLE_STRICT_OBJC_MSGSEND = YES;
				GCC_C_LANGUAGE_STANDARD = gnu99;
				GCC_NO_COMMON_BLOCKS = YES;
				GCC_WARN_64_TO_32_BIT_CONVERSION = YES;
				GCC_WARN_ABOUT_RETURN_TYPE = YES_ERROR;
				GCC_WARN_UNDECLARED_SELECTOR = YES;
				GCC_WARN_UNINITIALIZED_AUTOS = YES_AGGRESSIVE;
				GCC_WARN_UNUSED_FUNCTION = YES;
				GCC_WARN_UNUSED_VARIABLE = YES;
				IPHONEOS_DEPLOYMENT_TARGET = 10.1;
				MTL_ENABLE_DEBUG_INFO = NO;
				SDKROOT = iphoneos;
				SWIFT_OPTIMIZATION_LEVEL = "-Owholemodule";
				TARGETED_DEVICE_FAMILY = "1,2";
				VALIDATE_PRODUCT = YES;
			};
			name = Release;
		};
		E3F4C6281DF91D0B00BE257F /* Debug */ = {
			isa = XCBuildConfiguration;
			buildSettings = {
				ASSETCATALOG_COMPILER_APPICON_NAME = AppIcon;
				DEVELOPMENT_TEAM = DR2ZVA8PB4;
				INFOPLIST_FILE = iNumeri/Info.plist;
				LD_RUNPATH_SEARCH_PATHS = "$(inherited) @executable_path/Frameworks";
				PRODUCT_BUNDLE_IDENTIFIER = com.snowdogsoft.iNumeri;
				PRODUCT_NAME = "$(TARGET_NAME)";
				SWIFT_VERSION = 3.0;
			};
			name = Debug;
		};
		E3F4C6291DF91D0B00BE257F /* Release */ = {
			isa = XCBuildConfiguration;
			buildSettings = {
				ASSETCATALOG_COMPILER_APPICON_NAME = AppIcon;
				DEVELOPMENT_TEAM = DR2ZVA8PB4;
				INFOPLIST_FILE = iNumeri/Info.plist;
				LD_RUNPATH_SEARCH_PATHS = "$(inherited) @executable_path/Frameworks";
				PRODUCT_BUNDLE_IDENTIFIER = com.snowdogsoft.iNumeri;
				PRODUCT_NAME = "$(TARGET_NAME)";
				SWIFT_VERSION = 3.0;
			};
			name = Release;
		};
		E3F4C62B1DF91D0B00BE257F /* Debug */ = {
			isa = XCBuildConfiguration;
			buildSettings = {
				ALWAYS_EMBED_SWIFT_STANDARD_LIBRARIES = YES;
				BUNDLE_LOADER = "$(TEST_HOST)";
				DEVELOPMENT_TEAM = DR2ZVA8PB4;
				INFOPLIST_FILE = iNumeriTests/Info.plist;
				LD_RUNPATH_SEARCH_PATHS = "$(inherited) @executable_path/Frameworks @loader_path/Frameworks";
				PRODUCT_BUNDLE_IDENTIFIER = com.snowdogsoft.iNumeriTests;
				PRODUCT_NAME = "$(TARGET_NAME)";
				SWIFT_VERSION = 3.0;
				TEST_HOST = "$(BUILT_PRODUCTS_DIR)/iNumeri.app/iNumeri";
			};
			name = Debug;
		};
		E3F4C62C1DF91D0B00BE257F /* Release */ = {
			isa = XCBuildConfiguration;
			buildSettings = {
				ALWAYS_EMBED_SWIFT_STANDARD_LIBRARIES = YES;
				BUNDLE_LOADER = "$(TEST_HOST)";
				DEVELOPMENT_TEAM = DR2ZVA8PB4;
				INFOPLIST_FILE = iNumeriTests/Info.plist;
				LD_RUNPATH_SEARCH_PATHS = "$(inherited) @executable_path/Frameworks @loader_path/Frameworks";
				PRODUCT_BUNDLE_IDENTIFIER = com.snowdogsoft.iNumeriTests;
				PRODUCT_NAME = "$(TARGET_NAME)";
				SWIFT_VERSION = 3.0;
				TEST_HOST = "$(BUILT_PRODUCTS_DIR)/iNumeri.app/iNumeri";
			};
			name = Release;
		};
		E3F4C62E1DF91D0B00BE257F /* Debug */ = {
			isa = XCBuildConfiguration;
			buildSettings = {
				ALWAYS_EMBED_SWIFT_STANDARD_LIBRARIES = YES;
				DEVELOPMENT_TEAM = DR2ZVA8PB4;
				INFOPLIST_FILE = iNumeriUITests/Info.plist;
				LD_RUNPATH_SEARCH_PATHS = "$(inherited) @executable_path/Frameworks @loader_path/Frameworks";
				PRODUCT_BUNDLE_IDENTIFIER = com.snowdogsoft.iNumeriUITests;
				PRODUCT_NAME = "$(TARGET_NAME)";
				SWIFT_VERSION = 3.0;
				TEST_TARGET_NAME = iNumeri;
			};
			name = Debug;
		};
		E3F4C62F1DF91D0B00BE257F /* Release */ = {
			isa = XCBuildConfiguration;
			buildSettings = {
				ALWAYS_EMBED_SWIFT_STANDARD_LIBRARIES = YES;
				DEVELOPMENT_TEAM = DR2ZVA8PB4;
				INFOPLIST_FILE = iNumeriUITests/Info.plist;
				LD_RUNPATH_SEARCH_PATHS = "$(inherited) @executable_path/Frameworks @loader_path/Frameworks";
				PRODUCT_BUNDLE_IDENTIFIER = com.snowdogsoft.iNumeriUITests;
				PRODUCT_NAME = "$(TARGET_NAME)";
				SWIFT_VERSION = 3.0;
				TEST_TARGET_NAME = iNumeri;
			};
			name = Release;
		};
/* End XCBuildConfiguration section */

/* Begin XCConfigurationList section */
		E3F4C5FA1DF91D0A00BE257F /* Build configuration list for PBXProject "iNumeri" */ = {
			isa = XCConfigurationList;
			buildConfigurations = (
				E3F4C6251DF91D0B00BE257F /* Debug */,
				E3F4C6261DF91D0B00BE257F /* Release */,
			);
			defaultConfigurationIsVisible = 0;
			defaultConfigurationName = Release;
		};
		E3F4C6271DF91D0B00BE257F /* Build configuration list for PBXNativeTarget "iNumeri" */ = {
			isa = XCConfigurationList;
			buildConfigurations = (
				E3F4C6281DF91D0B00BE257F /* Debug */,
				E3F4C6291DF91D0B00BE257F /* Release */,
			);
			defaultConfigurationIsVisible = 0;
		};
		E3F4C62A1DF91D0B00BE257F /* Build configuration list for PBXNativeTarget "iNumeriTests" */ = {
			isa = XCConfigurationList;
			buildConfigurations = (
				E3F4C62B1DF91D0B00BE257F /* Debug */,
				E3F4C62C1DF91D0B00BE257F /* Release */,
			);
			defaultConfigurationIsVisible = 0;
		};
		E3F4C62D1DF91D0B00BE257F /* Build configuration list for PBXNativeTarget "iNumeriUITests" */ = {
			isa = XCConfigurationList;
			buildConfigurations = (
				E3F4C62E1DF91D0B00BE257F /* Debug */,
				E3F4C62F1DF91D0B00BE257F /* Release */,
			);
			defaultConfigurationIsVisible = 0;
		};
/* End XCConfigurationList section */
	};
	rootObject = E3F4C5F71DF91D0A00BE257F /* Project object */;
}
